
Microsoft Visual Studio Solution File, Format Version 12.00
Project("{FAE04EC0-301F-11D3-BF4B-00C04F79EFBC}") = "CrudSimple", "CrudSimple\CrudSimple.csproj", "{2877DAB1-A1DE-4D79-AB45-025C41B1513C}"
EndProject
Global
	GlobalSection(SolutionConfigurationPlatforms) = preSolution
		Debug|Any CPU = Debug|Any CPU
		Release|Any CPU = Release|Any CPU
	EndGlobalSection
	GlobalSection(ProjectConfigurationPlatforms) = postSolution
		{2877DAB1-A1DE-4D79-AB45-025C41B1513C}.Debug|Any CPU.ActiveCfg = Debug|Any CPU
		{2877DAB1-A1DE-4D79-AB45-025C41B1513C}.Debug|Any CPU.Build.0 = Debug|Any CPU
		{2877DAB1-A1DE-4D79-AB45-025C41B1513C}.Release|Any CPU.ActiveCfg = Release|Any CPU
		{2877DAB1-A1DE-4D79-AB45-025C41B1513C}.Release|Any CPU.Build.0 = Release|Any CPU
	EndGlobalSection
EndGlobal
